
Microsoft Visual Studio Solution File, Format Version 12.00
# Visual Studio Version 17
VisualStudioVersion = 17.5.33530.505
MinimumVisualStudioVersion = 10.0.40219.1
Project("{FAE04EC0-301F-11D3-BF4B-00C04F79EFBC}") = "febinoceSeries", "febinoceSeries\febinoceSeries.csproj", "{8C7DD549-0C15-4AC0-BCF7-0909B16CFB9F}"
EndProject
Global
	GlobalSection(SolutionConfigurationPlatforms) = preSolution
		Debug|Any CPU = Debug|Any CPU
		Release|Any CPU = Release|Any CPU
	EndGlobalSection
	GlobalSection(ProjectConfigurationPlatforms) = postSolution
		{8C7DD549-0C15-4AC0-BCF7-0909B16CFB9F}.Debug|Any CPU.ActiveCfg = Debug|Any CPU
		{8C7DD549-0C15-4AC0-BCF7-0909B16CFB9F}.Debug|Any CPU.Build.0 = Debug|Any CPU
		{8C7DD549-0C15-4AC0-BCF7-0909B16CFB9F}.Release|Any CPU.ActiveCfg = Release|Any CPU
		{8C7DD549-0C15-4AC0-BCF7-0909B16CFB9F}.Release|Any CPU.Build.0 = Release|Any CPU
	EndGlobalSection
	GlobalSection(SolutionProperties) = preSolution
		HideSolutionNode = FALSE
	EndGlobalSection
	GlobalSection(ExtensibilityGlobals) = postSolution
		SolutionGuid = {5C4BE79C-2535-4D0F-B234-27FD4969C123}
	EndGlobalSection
EndGlobal
